{
    "doctrine/mongodb-odm-bundle": {
        "version": "5.3",
        "recipe": {
            "repo": "github.com/symfony/recipes-contrib",
            "branch": "main",
            "version": "5.0",
            "ref": "873fc0ba74e93e1b9712b732b7d580e418558d2e"
        },
        "files": [
            "./config/packages/doctrine_mongodb.yaml",
            "./src/Document/.gitignore"
        ]
    },
    "friendsofsymfony/jsrouting-bundle": {
        "version": "3.5",
        "recipe": {
            "repo": "github.com/symfony/recipes-contrib",
            "branch": "main",
            "version": "2.3",
            "ref": "a9f2e49180f75cdc71ae279a929c4b2e0638de84"
        },
        "files": [
            "./config/routes/fos_js_routing.yaml"
        ]
    },
    "nucleos/user-bundle": {
        "version": "2.3",
        "recipe": {
            "repo": "github.com/symfony/recipes-contrib",
            "branch": "main",
            "version": "1.1",
            "ref": "88cca294afe46854e805316dbcde52696c661ce6"
        },
        "files": [
            "./config/packages/nucleos_user.yaml",
            "./config/routes/nucleos_user.yaml",
            "./src/Entity/User/Group.php",
            "./src/Entity/User/User.php"
        ]
    },
    "symfony/apache-pack": {
        "version": "1.0",
        "recipe": {
            "repo": "github.com/symfony/recipes-contrib",
            "branch": "main",
            "version": "1.0",
            "ref": "5d454ec6cc4c700ed3d963f3803e1d427d9669fb"
        },
        "files": [
            "./public/.htaccess"
        ]
    },
    "symfony/console": {
        "version": "6.4",
        "recipe": {
            "repo": "github.com/symfony/recipes",
            "branch": "main",
            "version": "5.3",
            "ref": "1781ff40d8a17d87cf53f8d4cf0c8346ed2bb461"
        },
        "files": [
            "./bin/console"
        ]
    },
    "symfony/flex": {
        "version": "2.5",
        "recipe": {
            "repo": "github.com/symfony/recipes",
            "branch": "main",
            "version": "2.4",
            "ref": "52e9754527a15e2b79d9a610f98185a1fe46622a"
        },
        "files": [
            "./.env",
            "./.env.dev"
        ]
    },
    "symfony/framework-bundle": {
        "version": "6.4",
        "recipe": {
            "repo": "github.com/symfony/recipes",
            "branch": "main",
            "version": "6.4",
            "ref": "32126346f25e1cee607cc4aa6783d46034920554"
        },
        "files": [
            "./config/packages/cache.yaml",
            "./config/packages/framework.yaml",
            "./config/preload.php",
            "./config/routes/framework.yaml",
            "./config/services.yaml",
            "./public/index.php",
            "./src/Controller/.gitignore",
            "./src/Kernel.php"
        ]
    },
    "symfony/mailer": {
        "version": "6.4",
        "recipe": {
            "repo": "github.com/symfony/recipes",
            "branch": "main",
            "version": "4.3",
            "ref": "09051cfde49476e3c12cd3a0e44289ace1c75a4f"
        },
        "files": [
            "./config/packages/mailer.yaml"
        ]
    },
    "symfony/maker-bundle": {
        "version": "1.63",
        "recipe": {
            "repo": "github.com/symfony/recipes",
            "branch": "main",
            "version": "1.0",
            "ref": "fadbfe33303a76e25cb63401050439aa9b1a9c7f"
        }
    },
    "symfony/routing": {
        "version": "6.4",
        "recipe": {
            "repo": "github.com/symfony/recipes",
            "branch": "main",
            "version": "6.2",
            "ref": "e0a11b4ccb8c9e70b574ff5ad3dfdcd41dec5aa6"
        },
        "files": [
            "./config/packages/routing.yaml",
            "./config/routes.yaml"
        ]
    },
    "symfony/security-bundle": {
        "version": "6.4",
        "recipe": {
            "repo": "github.com/symfony/recipes",
            "branch": "main",
            "version": "6.4",
            "ref": "2ae08430db28c8eb4476605894296c82a642028f"
        },
        "files": [
            "./config/packages/security.yaml",
            "./config/routes/security.yaml"
        ]
    },
    "symfony/translation": {
        "version": "6.4",
        "recipe": {
            "repo": "github.com/symfony/recipes",
            "branch": "main",
            "version": "6.3",
            "ref": "e28e27f53663cc34f0be2837aba18e3a1bef8e7b"
        },
        "files": [
            "./config/packages/translation.yaml",
            "./translations/.gitignore"
        ]
    },
    "symfony/twig-bundle": {
        "version": "6.4",
        "recipe": {
            "repo": "github.com/symfony/recipes",
            "branch": "main",
            "version": "6.4",
            "ref": "cab5fd2a13a45c266d45a7d9337e28dee6272877"
        },
        "files": [
            "./config/packages/twig.yaml",
            "./templates/base.html.twig"
        ]
    },
    "symfony/validator": {
        "version": "6.4",
        "recipe": {
            "repo": "github.com/symfony/recipes",
            "branch": "main",
            "version": "5.3",
            "ref": "c32cfd98f714894c4f128bb99aa2530c1227603c"
        },
        "files": [
            "./config/packages/validator.yaml"
        ]
    },
    "symfony/web-profiler-bundle": {
        "version": "6.4",
        "recipe": {
            "repo": "github.com/symfony/recipes",
            "branch": "main",
            "version": "6.1",
            "ref": "8b51135b84f4266e3b4c8a6dc23c9d1e32e543b7"
        },
        "files": [
            "./config/packages/web_profiler.yaml",
            "./config/routes/web_profiler.yaml"
        ]
    },
    "symfony/webpack-encore-bundle": {
        "version": "2.2",
        "recipe": {
            "repo": "github.com/symfony/recipes",
            "branch": "main",
            "version": "2.0",
            "ref": "9ef5412a4a2a8415aca3a3f2b4edd3866aab9a19"
        },
        "files": [
            "./assets/app.js",
            "./assets/styles/app.css",
            "./config/packages/webpack_encore.yaml",
            "./package.json",
            "./webpack.config.js"
        ]
    },
    "twig/extra-bundle": {
        "version": "v3.21.0"
    }
}
